
Microsoft Visual Studio Solution File, Format Version 12.00
# Visual Studio Version 17
VisualStudioVersion = 17.0.32112.339
MinimumVisualStudioVersion = 10.0.40219.1
Project("{8BC9CEB8-8B4A-11D0-8D11-00A0C91BC942}") = "Multifichier4LectureEcriture", "Multifichier4LectureEcriture.vcxproj", "{2EB8472D-4879-4F74-BC45-CB8F827BABAC}"
EndProject
Global
	GlobalSection(SolutionConfigurationPlatforms) = preSolution
		Debug|x64 = Debug|x64
		Debug|x86 = Debug|x86
		Release|x64 = Release|x64
		Release|x86 = Release|x86
	EndGlobalSection
	GlobalSection(ProjectConfigurationPlatforms) = postSolution
		{2EB8472D-4879-4F74-BC45-CB8F827BABAC}.Debug|x64.ActiveCfg = Debug|x64
		{2EB8472D-4879-4F74-BC45-CB8F827BABAC}.Debug|x64.Build.0 = Debug|x64
		{2EB8472D-4879-4F74-BC45-CB8F827BABAC}.Debug|x86.ActiveCfg = Debug|Win32
		{2EB8472D-4879-4F74-BC45-CB8F827BABAC}.Debug|x86.Build.0 = Debug|Win32
		{2EB8472D-4879-4F74-BC45-CB8F827BABAC}.Release|x64.ActiveCfg = Release|x64
		{2EB8472D-4879-4F74-BC45-CB8F827BABAC}.Release|x64.Build.0 = Release|x64
		{2EB8472D-4879-4F74-BC45-CB8F827BABAC}.Release|x86.ActiveCfg = Release|Win32
		{2EB8472D-4879-4F74-BC45-CB8F827BABAC}.Release|x86.Build.0 = Release|Win32
	EndGlobalSection
	GlobalSection(SolutionProperties) = preSolution
		HideSolutionNode = FALSE
	EndGlobalSection
	GlobalSection(ExtensibilityGlobals) = postSolution
		SolutionGuid = {03C5B935-3878-47C7-A774-1DDD73AB135F}
	EndGlobalSection
EndGlobal
